
Microsoft Visual Studio Solution File, Format Version 12.00
# Visual Studio Version 16
VisualStudioVersion = 16.0.28917.181
MinimumVisualStudioVersion = 10.0.40219.1
Project("{8BC9CEB8-8B4A-11D0-8D11-00A0C91BC942}") = "SDLProject1", "SDLProject1.vcxproj", "{C0E9535C-E502-4B1D-B956-847131060F59}"
EndProject
Project("{8BC9CEB8-8B4A-11D0-8D11-00A0C91BC942}") = "libft", "..\libft\libft.vcxproj", "{044BC5B9-8CEC-4043-9323-43AB87BCE063}"
EndProject
Global
	GlobalSection(SolutionConfigurationPlatforms) = preSolution
		Debug|x64 = Debug|x64
		Debug|x86 = Debug|x86
		Release|x64 = Release|x64
		Release|x86 = Release|x86
	EndGlobalSection
	GlobalSection(ProjectConfigurationPlatforms) = postSolution
		{C0E9535C-E502-4B1D-B956-847131060F59}.Debug|x64.ActiveCfg = Debug|x64
		{C0E9535C-E502-4B1D-B956-847131060F59}.Debug|x64.Build.0 = Debug|x64
		{C0E9535C-E502-4B1D-B956-847131060F59}.Debug|x86.ActiveCfg = Debug|Win32
		{C0E9535C-E502-4B1D-B956-847131060F59}.Debug|x86.Build.0 = Debug|Win32
		{C0E9535C-E502-4B1D-B956-847131060F59}.Release|x64.ActiveCfg = Release|x64
		{C0E9535C-E502-4B1D-B956-847131060F59}.Release|x64.Build.0 = Release|x64
		{C0E9535C-E502-4B1D-B956-847131060F59}.Release|x86.ActiveCfg = Release|Win32
		{C0E9535C-E502-4B1D-B956-847131060F59}.Release|x86.Build.0 = Release|Win32
		{044BC5B9-8CEC-4043-9323-43AB87BCE063}.Debug|x64.ActiveCfg = Debug|x64
		{044BC5B9-8CEC-4043-9323-43AB87BCE063}.Debug|x64.Build.0 = Debug|x64
		{044BC5B9-8CEC-4043-9323-43AB87BCE063}.Debug|x86.ActiveCfg = Debug|Win32
		{044BC5B9-8CEC-4043-9323-43AB87BCE063}.Debug|x86.Build.0 = Debug|Win32
		{044BC5B9-8CEC-4043-9323-43AB87BCE063}.Release|x64.ActiveCfg = Release|x64
		{044BC5B9-8CEC-4043-9323-43AB87BCE063}.Release|x64.Build.0 = Release|x64
		{044BC5B9-8CEC-4043-9323-43AB87BCE063}.Release|x86.ActiveCfg = Release|Win32
		{044BC5B9-8CEC-4043-9323-43AB87BCE063}.Release|x86.Build.0 = Release|Win32
	EndGlobalSection
	GlobalSection(SolutionProperties) = preSolution
		HideSolutionNode = FALSE
	EndGlobalSection
	GlobalSection(ExtensibilityGlobals) = postSolution
		SolutionGuid = {FBA22F63-DE9E-466F-80B5-A7BDCF510A26}
	EndGlobalSection
EndGlobal
